{
  "pins" : [
    {
      "identity" : "route",
      "kind" : "remoteSourceControl",
      "location" : "https://github.com/wlsdms0122/Route.git",
      "state" : {
        "revision" : "054ff1361f9012fd8d4ca73a37885419a497f138",
        "version" : "1.1.0"
      }
    },
    {
      "identity" : "rvb",
      "kind" : "remoteSourceControl",
      "location" : "https://github.com/wlsdms0122/RVB.git",
      "state" : {
        "revision" : "b042a120eec876a7d770ef3c19a6d7e5431b9352",
        "version" : "1.1.0"
      }
    }
  ],
  "version" : 2
}
