{
  "pins" : [
    {
      "identity" : "compose",
      "kind" : "remoteSourceControl",
      "location" : "https://github.com/wlsdms0122/Compose.git",
      "state" : {
        "revision" : "7faab8d6adc1d080636defb47f7da8c7614c5e07",
        "version" : "1.5.0"
      }
    },
    {
      "identity" : "deeplinker",
      "kind" : "remoteSourceControl",
      "location" : "https://github.com/wlsdms0122/Deeplinker.git",
      "state" : {
        "revision" : "adc4c5aee458b57fcb3098bc4bd1ff5f1be13aa5",
        "version" : "1.1.1"
      }
    },
    {
      "identity" : "dyson",
      "kind" : "remoteSourceControl",
      "location" : "https://github.com/wlsdms0122/Dyson.git",
      "state" : {
        "revision" : "c6b482d4974c2ece9d6c0d577eb487b9ff98e014",
        "version" : "2.0.0"
      }
    },
    {
      "identity" : "logma",
      "kind" : "remoteSourceControl",
      "location" : "https://github.com/wlsdms0122/Logma.git",
      "state" : {
        "revision" : "7b8a6227b7cf4e9ce6398cab9c11d04f5bcca51a",
        "version" : "1.2.0"
      }
    },
    {
      "identity" : "lottie-ios",
      "kind" : "remoteSourceControl",
      "location" : "https://github.com/airbnb/lottie-ios.git",
      "state" : {
        "revision" : "d6feea26a370019b4d3a85f5984cb95a2734776f",
        "version" : "4.2.0"
      }
    },
    {
      "identity" : "reducer",
      "kind" : "remoteSourceControl",
      "location" : "https://github.com/wlsdms0122/Reducer.git",
      "state" : {
        "revision" : "f66940c11b70118a04bc139fd8f77e59dab0f6fd",
        "version" : "1.3.1"
      }
    },
    {
      "identity" : "route",
      "kind" : "remoteSourceControl",
      "location" : "https://github.com/wlsdms0122/Route.git",
      "state" : {
        "revision" : "11fa5fe872bbb476982c004ecafc8ca60b26c432",
        "version" : "1.3.0"
      }
    },
    {
      "identity" : "rvb",
      "kind" : "remoteSourceControl",
      "location" : "https://github.com/wlsdms0122/RVB.git",
      "state" : {
        "revision" : "b042a120eec876a7d770ef3c19a6d7e5431b9352",
        "version" : "1.1.0"
      }
    },
    {
      "identity" : "storage",
      "kind" : "remoteSourceControl",
      "location" : "https://github.com/wlsdms0122/Storage.git",
      "state" : {
        "revision" : "68fe51f0ca512e7358c7a600104224c84c637700",
        "version" : "1.0.2"
      }
    }
  ],
  "version" : 2
}
